# This file was autogenerated by Stack.
# You should not edit this file by hand.
# For more information, please see the documentation at:
#   https://docs.haskellstack.org/en/stable/lock_files

packages:
- completed:
    size: 10028
    url: https://github.com/amtal/CoreErlang/archive/410cc94f9f8b15e652029ee483ddd42280d0b3de.tar.gz
    name: CoreErlang
    version: 0.0.4
    sha256: f285c8b5051d112f190f747be964b184b64719cabcc874fa588126a5c6957190
    pantry-tree:
      size: 455
      sha256: 2575a47eccb7cdf0dff9725ed2d614acd614fe39051495976dc6e52a39e06929
  original:
    url: https://github.com/amtal/CoreErlang/archive/410cc94f9f8b15e652029ee483ddd42280d0b3de.tar.gz
snapshots:
- completed:
    size: 569315
    url: https://raw.githubusercontent.com/commercialhaskell/stackage-snapshots/master/lts/10/9.yaml
    sha256: c85a3b35a7c2fa3771728a6f19e363c62ff5619afc2670f87450c19e6770c37f
  original:
    url: https://raw.githubusercontent.com/commercialhaskell/stackage-snapshots/master/lts/10/9.yaml
