# This file was autogenerated by Stack.
# You should not edit this file by hand.
# For more information, please see the documentation at:
#   https://docs.haskellstack.org/en/stable/lock_files

packages:
- completed:
    size: 10033
    url: https://github.com/Mozzius/CoreErlang/archive/641a7c7a4fb0a699adace589bcac366c02b8c564.tar.gz
    name: CoreErlang
    version: 0.0.5
    sha256: f835bd298950d3d67425d4e8939f9f9d9777369c0ba19667c78538432cc1560e
    pantry-tree:
      size: 455
      sha256: 5beca3c2b0ff604e5894bb0eb720a2888e424094751d803e2624e86f1cfaeaf5
  original:
    url: https://github.com/Mozzius/CoreErlang/archive/641a7c7a4fb0a699adace589bcac366c02b8c564.tar.gz
snapshots:
- completed:
    size: 565266
    url: https://raw.githubusercontent.com/commercialhaskell/stackage-snapshots/master/lts/17/5.yaml
    sha256: 78e8ebabf11406261abbc95b44f240acf71802630b368888f6d758de7fc3a2f7
  original:
    url: https://raw.githubusercontent.com/commercialhaskell/stackage-snapshots/master/lts/17/5.yaml
